
Microsoft Visual Studio Solution File, Format Version 12.00
# Visual Studio 14
VisualStudioVersion = 14.0.25420.1
MinimumVisualStudioVersion = 10.0.40219.1
Project("{FAE04EC0-301F-11D3-BF4B-00C04F79EFBC}") = "Wikiled.SmartDoc", "SmartDoc\Wikiled.SmartDoc.csproj", "{BB30FBA2-EF5A-454C-84F1-1D2D670B5733}"
EndProject
Project("{FAE04EC0-301F-11D3-BF4B-00C04F79EFBC}") = "Wikiled.SmartDoc.Logic", "Wikiled.SmartDoc.Logic\Wikiled.SmartDoc.Logic.csproj", "{73D21B3D-5CB0-47AB-8134-2B3600656784}"
EndProject
Project("{FAE04EC0-301F-11D3-BF4B-00C04F79EFBC}") = "Wikiled.SmartDoc.Logic.Tests", "Wikiled.SmartDoc.Logic.Tests\Wikiled.SmartDoc.Logic.Tests.csproj", "{AF0D0EC9-1A92-4E0A-8F96-C69AA29810A3}"
EndProject
Project("{2150E333-8FDC-42A3-9474-1A3956D46DE8}") = "Tests", "Tests", "{1BC1B8A6-2545-464A-97E4-90C077D6ACE7}"
EndProject
Project("{FAE04EC0-301F-11D3-BF4B-00C04F79EFBC}") = "Wikiled.SmartDoc.Logic.IntegrationTests", "Wikiled.SmartDoc.Logic.IntegrationTests\Wikiled.SmartDoc.Logic.IntegrationTests.csproj", "{7C127EAE-7320-4C92-99DC-7331A9DF18AF}"
EndProject
Project("{FAE04EC0-301F-11D3-BF4B-00C04F79EFBC}") = "Wikiled.SmartDoc.Tests", "SmartDoc.UI.Tests\Wikiled.SmartDoc.Tests.csproj", "{F0BE553A-EF2C-4937-96C3-C53753FFA749}"
EndProject
Project("{FAE04EC0-301F-11D3-BF4B-00C04F79EFBC}") = "Wikiled.SmartDoc.TestHelpers", "Wikiled.SmartDoc.TestHelpers\Wikiled.SmartDoc.TestHelpers.csproj", "{BA8E65DD-F978-4DB5-A9B0-259339E5994C}"
EndProject
Project("{930C7802-8A8C-48F9-8165-68863BCCD9DD}") = "Wikiled.SmartDoc.Install", "Wikiled.SmartDoc.Install\Wikiled.SmartDoc.Install.wixproj", "{DFA8AB8F-310F-41BA-A911-C1A47B5C319E}"
EndProject
Global
	GlobalSection(SubversionScc) = preSolution		
	EndGlobalSection
	GlobalSection(SolutionConfigurationPlatforms) = preSolution
		Debug|Any CPU = Debug|Any CPU
		Debug|x64 = Debug|x64
		Debug|x86 = Debug|x86
		Release|Any CPU = Release|Any CPU
		Release|x64 = Release|x64
		Release|x86 = Release|x86
	EndGlobalSection
	GlobalSection(ProjectConfigurationPlatforms) = postSolution
		{BB30FBA2-EF5A-454C-84F1-1D2D670B5733}.Debug|Any CPU.ActiveCfg = Debug|Any CPU
		{BB30FBA2-EF5A-454C-84F1-1D2D670B5733}.Debug|Any CPU.Build.0 = Debug|Any CPU
		{BB30FBA2-EF5A-454C-84F1-1D2D670B5733}.Debug|x64.ActiveCfg = Debug|Any CPU
		{BB30FBA2-EF5A-454C-84F1-1D2D670B5733}.Debug|x64.Build.0 = Debug|Any CPU
		{BB30FBA2-EF5A-454C-84F1-1D2D670B5733}.Debug|x86.ActiveCfg = Debug|Any CPU
		{BB30FBA2-EF5A-454C-84F1-1D2D670B5733}.Debug|x86.Build.0 = Debug|Any CPU
		{BB30FBA2-EF5A-454C-84F1-1D2D670B5733}.Release|Any CPU.ActiveCfg = Release|Any CPU
		{BB30FBA2-EF5A-454C-84F1-1D2D670B5733}.Release|Any CPU.Build.0 = Release|Any CPU
		{BB30FBA2-EF5A-454C-84F1-1D2D670B5733}.Release|x64.ActiveCfg = Release|Any CPU
		{BB30FBA2-EF5A-454C-84F1-1D2D670B5733}.Release|x64.Build.0 = Release|Any CPU
		{BB30FBA2-EF5A-454C-84F1-1D2D670B5733}.Release|x86.ActiveCfg = Release|Any CPU
		{BB30FBA2-EF5A-454C-84F1-1D2D670B5733}.Release|x86.Build.0 = Release|Any CPU
		{73D21B3D-5CB0-47AB-8134-2B3600656784}.Debug|Any CPU.ActiveCfg = Debug|Any CPU
		{73D21B3D-5CB0-47AB-8134-2B3600656784}.Debug|Any CPU.Build.0 = Debug|Any CPU
		{73D21B3D-5CB0-47AB-8134-2B3600656784}.Debug|x64.ActiveCfg = Debug|Any CPU
		{73D21B3D-5CB0-47AB-8134-2B3600656784}.Debug|x64.Build.0 = Debug|Any CPU
		{73D21B3D-5CB0-47AB-8134-2B3600656784}.Debug|x86.ActiveCfg = Debug|Any CPU
		{73D21B3D-5CB0-47AB-8134-2B3600656784}.Debug|x86.Build.0 = Debug|Any CPU
		{73D21B3D-5CB0-47AB-8134-2B3600656784}.Release|Any CPU.ActiveCfg = Release|Any CPU
		{73D21B3D-5CB0-47AB-8134-2B3600656784}.Release|Any CPU.Build.0 = Release|Any CPU
		{73D21B3D-5CB0-47AB-8134-2B3600656784}.Release|x64.ActiveCfg = Release|Any CPU
		{73D21B3D-5CB0-47AB-8134-2B3600656784}.Release|x64.Build.0 = Release|Any CPU
		{73D21B3D-5CB0-47AB-8134-2B3600656784}.Release|x86.ActiveCfg = Release|Any CPU
		{73D21B3D-5CB0-47AB-8134-2B3600656784}.Release|x86.Build.0 = Release|Any CPU
		{AF0D0EC9-1A92-4E0A-8F96-C69AA29810A3}.Debug|Any CPU.ActiveCfg = Debug|Any CPU
		{AF0D0EC9-1A92-4E0A-8F96-C69AA29810A3}.Debug|Any CPU.Build.0 = Debug|Any CPU
		{AF0D0EC9-1A92-4E0A-8F96-C69AA29810A3}.Debug|x64.ActiveCfg = Debug|Any CPU
		{AF0D0EC9-1A92-4E0A-8F96-C69AA29810A3}.Debug|x64.Build.0 = Debug|Any CPU
		{AF0D0EC9-1A92-4E0A-8F96-C69AA29810A3}.Debug|x86.ActiveCfg = Debug|Any CPU
		{AF0D0EC9-1A92-4E0A-8F96-C69AA29810A3}.Debug|x86.Build.0 = Debug|Any CPU
		{AF0D0EC9-1A92-4E0A-8F96-C69AA29810A3}.Release|Any CPU.ActiveCfg = Release|Any CPU
		{AF0D0EC9-1A92-4E0A-8F96-C69AA29810A3}.Release|Any CPU.Build.0 = Release|Any CPU
		{AF0D0EC9-1A92-4E0A-8F96-C69AA29810A3}.Release|x64.ActiveCfg = Release|Any CPU
		{AF0D0EC9-1A92-4E0A-8F96-C69AA29810A3}.Release|x64.Build.0 = Release|Any CPU
		{AF0D0EC9-1A92-4E0A-8F96-C69AA29810A3}.Release|x86.ActiveCfg = Release|Any CPU
		{AF0D0EC9-1A92-4E0A-8F96-C69AA29810A3}.Release|x86.Build.0 = Release|Any CPU
		{7C127EAE-7320-4C92-99DC-7331A9DF18AF}.Debug|Any CPU.ActiveCfg = Debug|Any CPU
		{7C127EAE-7320-4C92-99DC-7331A9DF18AF}.Debug|Any CPU.Build.0 = Debug|Any CPU
		{7C127EAE-7320-4C92-99DC-7331A9DF18AF}.Debug|x64.ActiveCfg = Debug|Any CPU
		{7C127EAE-7320-4C92-99DC-7331A9DF18AF}.Debug|x64.Build.0 = Debug|Any CPU
		{7C127EAE-7320-4C92-99DC-7331A9DF18AF}.Debug|x86.ActiveCfg = Debug|Any CPU
		{7C127EAE-7320-4C92-99DC-7331A9DF18AF}.Debug|x86.Build.0 = Debug|Any CPU
		{7C127EAE-7320-4C92-99DC-7331A9DF18AF}.Release|Any CPU.ActiveCfg = Release|Any CPU
		{7C127EAE-7320-4C92-99DC-7331A9DF18AF}.Release|Any CPU.Build.0 = Release|Any CPU
		{7C127EAE-7320-4C92-99DC-7331A9DF18AF}.Release|x64.ActiveCfg = Release|Any CPU
		{7C127EAE-7320-4C92-99DC-7331A9DF18AF}.Release|x64.Build.0 = Release|Any CPU
		{7C127EAE-7320-4C92-99DC-7331A9DF18AF}.Release|x86.ActiveCfg = Release|Any CPU
		{7C127EAE-7320-4C92-99DC-7331A9DF18AF}.Release|x86.Build.0 = Release|Any CPU
		{F0BE553A-EF2C-4937-96C3-C53753FFA749}.Debug|Any CPU.ActiveCfg = Debug|Any CPU
		{F0BE553A-EF2C-4937-96C3-C53753FFA749}.Debug|Any CPU.Build.0 = Debug|Any CPU
		{F0BE553A-EF2C-4937-96C3-C53753FFA749}.Debug|x64.ActiveCfg = Debug|Any CPU
		{F0BE553A-EF2C-4937-96C3-C53753FFA749}.Debug|x64.Build.0 = Debug|Any CPU
		{F0BE553A-EF2C-4937-96C3-C53753FFA749}.Debug|x86.ActiveCfg = Debug|Any CPU
		{F0BE553A-EF2C-4937-96C3-C53753FFA749}.Debug|x86.Build.0 = Debug|Any CPU
		{F0BE553A-EF2C-4937-96C3-C53753FFA749}.Release|Any CPU.ActiveCfg = Release|Any CPU
		{F0BE553A-EF2C-4937-96C3-C53753FFA749}.Release|Any CPU.Build.0 = Release|Any CPU
		{F0BE553A-EF2C-4937-96C3-C53753FFA749}.Release|x64.ActiveCfg = Release|Any CPU
		{F0BE553A-EF2C-4937-96C3-C53753FFA749}.Release|x64.Build.0 = Release|Any CPU
		{F0BE553A-EF2C-4937-96C3-C53753FFA749}.Release|x86.ActiveCfg = Release|Any CPU
		{F0BE553A-EF2C-4937-96C3-C53753FFA749}.Release|x86.Build.0 = Release|Any CPU
		{BA8E65DD-F978-4DB5-A9B0-259339E5994C}.Debug|Any CPU.ActiveCfg = Debug|Any CPU
		{BA8E65DD-F978-4DB5-A9B0-259339E5994C}.Debug|Any CPU.Build.0 = Debug|Any CPU
		{BA8E65DD-F978-4DB5-A9B0-259339E5994C}.Debug|x64.ActiveCfg = Debug|Any CPU
		{BA8E65DD-F978-4DB5-A9B0-259339E5994C}.Debug|x64.Build.0 = Debug|Any CPU
		{BA8E65DD-F978-4DB5-A9B0-259339E5994C}.Debug|x86.ActiveCfg = Debug|Any CPU
		{BA8E65DD-F978-4DB5-A9B0-259339E5994C}.Debug|x86.Build.0 = Debug|Any CPU
		{BA8E65DD-F978-4DB5-A9B0-259339E5994C}.Release|Any CPU.ActiveCfg = Release|Any CPU
		{BA8E65DD-F978-4DB5-A9B0-259339E5994C}.Release|Any CPU.Build.0 = Release|Any CPU
		{BA8E65DD-F978-4DB5-A9B0-259339E5994C}.Release|x64.ActiveCfg = Release|Any CPU
		{BA8E65DD-F978-4DB5-A9B0-259339E5994C}.Release|x64.Build.0 = Release|Any CPU
		{BA8E65DD-F978-4DB5-A9B0-259339E5994C}.Release|x86.ActiveCfg = Release|Any CPU
		{BA8E65DD-F978-4DB5-A9B0-259339E5994C}.Release|x86.Build.0 = Release|Any CPU
		{DFA8AB8F-310F-41BA-A911-C1A47B5C319E}.Debug|Any CPU.ActiveCfg = Debug|x86
		{DFA8AB8F-310F-41BA-A911-C1A47B5C319E}.Debug|x64.ActiveCfg = Debug|x86
		{DFA8AB8F-310F-41BA-A911-C1A47B5C319E}.Debug|x86.ActiveCfg = Debug|x86
		{DFA8AB8F-310F-41BA-A911-C1A47B5C319E}.Debug|x86.Build.0 = Debug|x86
		{DFA8AB8F-310F-41BA-A911-C1A47B5C319E}.Release|Any CPU.ActiveCfg = Release|x86
		{DFA8AB8F-310F-41BA-A911-C1A47B5C319E}.Release|x64.ActiveCfg = Release|x86
		{DFA8AB8F-310F-41BA-A911-C1A47B5C319E}.Release|x86.ActiveCfg = Release|x86
		{DFA8AB8F-310F-41BA-A911-C1A47B5C319E}.Release|x86.Build.0 = Release|x86
	EndGlobalSection
	GlobalSection(SolutionProperties) = preSolution
		HideSolutionNode = FALSE
	EndGlobalSection
	GlobalSection(NestedProjects) = preSolution
		{AF0D0EC9-1A92-4E0A-8F96-C69AA29810A3} = {1BC1B8A6-2545-464A-97E4-90C077D6ACE7}
		{7C127EAE-7320-4C92-99DC-7331A9DF18AF} = {1BC1B8A6-2545-464A-97E4-90C077D6ACE7}
		{F0BE553A-EF2C-4937-96C3-C53753FFA749} = {1BC1B8A6-2545-464A-97E4-90C077D6ACE7}
		{BA8E65DD-F978-4DB5-A9B0-259339E5994C} = {1BC1B8A6-2545-464A-97E4-90C077D6ACE7}
	EndGlobalSection
	GlobalSection(ExtensibilityGlobals) = postSolution
		EnterpriseLibraryConfigurationToolBinariesPath = packages\TransientFaultHandling.Core.5.1.1209.1\lib\NET4
	EndGlobalSection
EndGlobal
